
Microsoft Visual Studio Solution File, Format Version 12.00
# Visual Studio 15
VisualStudioVersion = 15.0.27428.2002
MinimumVisualStudioVersion = 10.0.40219.1
Project("{FAE04EC0-301F-11D3-BF4B-00C04F79EFBC}") = "WebClient", "WebClient\WebClient.csproj", "{40D0F5D8-3809-4799-8B66-F61C056F5D91}"
EndProject
Project("{FAE04EC0-301F-11D3-BF4B-00C04F79EFBC}") = "AnalyserTests", "AnalyserTests\AnalyserTests.csproj", "{D5B6721A-1D1F-4324-92A3-5DF6FA2ED18C}"
EndProject
Global
	GlobalSection(SolutionConfigurationPlatforms) = preSolution
		Debug|Any CPU = Debug|Any CPU
		Release|Any CPU = Release|Any CPU
	EndGlobalSection
	GlobalSection(ProjectConfigurationPlatforms) = postSolution
		{40D0F5D8-3809-4799-8B66-F61C056F5D91}.Debug|Any CPU.ActiveCfg = Debug|Any CPU
		{40D0F5D8-3809-4799-8B66-F61C056F5D91}.Debug|Any CPU.Build.0 = Debug|Any CPU
		{40D0F5D8-3809-4799-8B66-F61C056F5D91}.Release|Any CPU.ActiveCfg = Release|Any CPU
		{40D0F5D8-3809-4799-8B66-F61C056F5D91}.Release|Any CPU.Build.0 = Release|Any CPU
		{D5B6721A-1D1F-4324-92A3-5DF6FA2ED18C}.Debug|Any CPU.ActiveCfg = Debug|Any CPU
		{D5B6721A-1D1F-4324-92A3-5DF6FA2ED18C}.Debug|Any CPU.Build.0 = Debug|Any CPU
		{D5B6721A-1D1F-4324-92A3-5DF6FA2ED18C}.Release|Any CPU.ActiveCfg = Release|Any CPU
		{D5B6721A-1D1F-4324-92A3-5DF6FA2ED18C}.Release|Any CPU.Build.0 = Release|Any CPU
	EndGlobalSection
	GlobalSection(SolutionProperties) = preSolution
		HideSolutionNode = FALSE
	EndGlobalSection
	GlobalSection(ExtensibilityGlobals) = postSolution
		SolutionGuid = {8DC571EA-CC45-4709-BAFA-3784D00F172C}
	EndGlobalSection
EndGlobal
